
Microsoft Visual Studio Solution File, Format Version 12.00
# Visual Studio Version 17
VisualStudioVersion = 17.14.37502.11 d17.14
MinimumVisualStudioVersion = 10.0.40219.1
Project("{FAE04EC0-301F-11D3-BF4B-00C04F79EFBC}") = "mvc-pattern-example", "mvc-pattern-example.csproj", "{ABD94114-5331-46C0-9D89-8C44E65F147F}"
EndProject
Global
	GlobalSection(SolutionConfigurationPlatforms) = preSolution
		Debug|Any CPU = Debug|Any CPU
		Release|Any CPU = Release|Any CPU
	EndGlobalSection
	GlobalSection(ProjectConfigurationPlatforms) = postSolution
		{ABD94114-5331-46C0-9D89-8C44E65F147F}.Debug|Any CPU.ActiveCfg = Debug|Any CPU
		{ABD94114-5331-46C0-9D89-8C44E65F147F}.Debug|Any CPU.Build.0 = Debug|Any CPU
		{ABD94114-5331-46C0-9D89-8C44E65F147F}.Release|Any CPU.ActiveCfg = Release|Any CPU
		{ABD94114-5331-46C0-9D89-8C44E65F147F}.Release|Any CPU.Build.0 = Release|Any CPU
	EndGlobalSection
	GlobalSection(SolutionProperties) = preSolution
		HideSolutionNode = FALSE
	EndGlobalSection
	GlobalSection(ExtensibilityGlobals) = postSolution
		SolutionGuid = {1F4F0A82-4B25-4EE1-AD23-9FA4DEB51F5F}
	EndGlobalSection
EndGlobal
